
Microsoft Visual Studio Solution File, Format Version 12.00
# Visual Studio 15
VisualStudioVersion = 15.0.28010.2016
MinimumVisualStudioVersion = 10.0.40219.1
Project("{FAE04EC0-301F-11D3-BF4B-00C04F79EFBC}") = "Datamanager_mockup", "WebApplication1\Datamanager_mockup.csproj", "{C2E19D0B-74B1-4F0B-859D-97069EA7DE9F}"
EndProject
Global
	GlobalSection(SolutionConfigurationPlatforms) = preSolution
		Debug|Any CPU = Debug|Any CPU
		Release|Any CPU = Release|Any CPU
	EndGlobalSection
	GlobalSection(ProjectConfigurationPlatforms) = postSolution
		{C2E19D0B-74B1-4F0B-859D-97069EA7DE9F}.Debug|Any CPU.ActiveCfg = Debug|Any CPU
		{C2E19D0B-74B1-4F0B-859D-97069EA7DE9F}.Debug|Any CPU.Build.0 = Debug|Any CPU
		{C2E19D0B-74B1-4F0B-859D-97069EA7DE9F}.Release|Any CPU.ActiveCfg = Release|Any CPU
		{C2E19D0B-74B1-4F0B-859D-97069EA7DE9F}.Release|Any CPU.Build.0 = Release|Any CPU
	EndGlobalSection
	GlobalSection(SolutionProperties) = preSolution
		HideSolutionNode = FALSE
	EndGlobalSection
	GlobalSection(ExtensibilityGlobals) = postSolution
		SolutionGuid = {1F93B034-CAD4-4A6E-9195-7D89858173CE}
	EndGlobalSection
EndGlobal
